
Microsoft Visual Studio Solution File, Format Version 12.00
# Visual Studio Version 16
VisualStudioVersion = 16.0.31205.134
MinimumVisualStudioVersion = 10.0.40219.1
Project("{FAE04EC0-301F-11D3-BF4B-00C04F79EFBC}") = "Books_dot_net_console", "Books_dot_net_console.csproj", "{073AEEF0-E6A8-4507-BE9B-E2C32862017A}"
EndProject
Global
	GlobalSection(SolutionConfigurationPlatforms) = preSolution
		Debug|Any CPU = Debug|Any CPU
		Release|Any CPU = Release|Any CPU
	EndGlobalSection
	GlobalSection(ProjectConfigurationPlatforms) = postSolution
		{073AEEF0-E6A8-4507-BE9B-E2C32862017A}.Debug|Any CPU.ActiveCfg = Debug|Any CPU
		{073AEEF0-E6A8-4507-BE9B-E2C32862017A}.Debug|Any CPU.Build.0 = Debug|Any CPU
		{073AEEF0-E6A8-4507-BE9B-E2C32862017A}.Release|Any CPU.ActiveCfg = Release|Any CPU
		{073AEEF0-E6A8-4507-BE9B-E2C32862017A}.Release|Any CPU.Build.0 = Release|Any CPU
	EndGlobalSection
	GlobalSection(SolutionProperties) = preSolution
		HideSolutionNode = FALSE
	EndGlobalSection
	GlobalSection(ExtensibilityGlobals) = postSolution
		SolutionGuid = {D9215BB7-8351-44F3-841D-A86B3C2DCCBF}
	EndGlobalSection
EndGlobal
